
Microsoft Visual Studio Solution File, Format Version 12.00
# Visual Studio Version 16
VisualStudioVersion = 16.0.31321.278
MinimumVisualStudioVersion = 10.0.40219.1
Project("{8BC9CEB8-8B4A-11D0-8D11-00A0C91BC942}") = "Laba6_OOP", "Laba6_OOP\Laba6_OOP.vcxproj", "{4B5443D8-40B6-44ED-B2C3-A6F7D6F0646F}"
EndProject
Global
	GlobalSection(SolutionConfigurationPlatforms) = preSolution
		Debug|x64 = Debug|x64
		Debug|x86 = Debug|x86
		Release|x64 = Release|x64
		Release|x86 = Release|x86
	EndGlobalSection
	GlobalSection(ProjectConfigurationPlatforms) = postSolution
		{4B5443D8-40B6-44ED-B2C3-A6F7D6F0646F}.Debug|x64.ActiveCfg = Debug|x64
		{4B5443D8-40B6-44ED-B2C3-A6F7D6F0646F}.Debug|x64.Build.0 = Debug|x64
		{4B5443D8-40B6-44ED-B2C3-A6F7D6F0646F}.Debug|x86.ActiveCfg = Debug|Win32
		{4B5443D8-40B6-44ED-B2C3-A6F7D6F0646F}.Debug|x86.Build.0 = Debug|Win32
		{4B5443D8-40B6-44ED-B2C3-A6F7D6F0646F}.Release|x64.ActiveCfg = Release|x64
		{4B5443D8-40B6-44ED-B2C3-A6F7D6F0646F}.Release|x64.Build.0 = Release|x64
		{4B5443D8-40B6-44ED-B2C3-A6F7D6F0646F}.Release|x86.ActiveCfg = Release|Win32
		{4B5443D8-40B6-44ED-B2C3-A6F7D6F0646F}.Release|x86.Build.0 = Release|Win32
	EndGlobalSection
	GlobalSection(SolutionProperties) = preSolution
		HideSolutionNode = FALSE
	EndGlobalSection
	GlobalSection(ExtensibilityGlobals) = postSolution
		SolutionGuid = {18B0AE6F-134A-447B-B82A-D8CB90E6ACE5}
	EndGlobalSection
EndGlobal
